{
  "name": "store-decorator",
  "version": "1.0.0",
  "lockfileVersion": 1,
  "requires": true,
  "dependencies": {
    "vue-class-component": {
      "version": "6.3.2",
      "resolved": "http://nexus.mxj360.com/repository/npm-group/vue-class-component/-/vue-class-component-6.3.2.tgz",
      "integrity": "sha1-5gN+hNHfKvO95PRV5Qyhue7AK+Y="
    },
    "vue-property-decorator": {
      "version": "7.2.0",
      "resolved": "http://nexus.mxj360.com/repository/npm-group/vue-property-decorator/-/vue-property-decorator-7.2.0.tgz",
      "integrity": "sha1-jmsPTcxjDDVxNfdjZrp72R8dsBU=",
      "requires": {
        "vue-class-component": "^6.2.0"
      }
    },
    "vuex-class": {
      "version": "0.3.1",
      "resolved": "http://nexus.mxj360.com/repository/npm-group/vuex-class/-/vuex-class-0.3.1.tgz",
      "integrity": "sha1-PAuUa8/0zyvhkE3lsMqxo91cQdU=",
      "dev": true
    }
  }
}
